
Microsoft Visual Studio Solution File, Format Version 12.00
# Visual Studio Version 17
VisualStudioVersion = 17.0.31606.5
MinimumVisualStudioVersion = 10.0.40219.1
Project("{FAE04EC0-301F-11D3-BF4B-00C04F79EFBC}") = "Galactica Opgave Kasper", "Galactica Opgave Kasper.csproj", "{FF3E23DF-5D0E-4C59-A808-14A0D01FB400}"
EndProject
Global
	GlobalSection(SolutionConfigurationPlatforms) = preSolution
		Debug|Any CPU = Debug|Any CPU
		Release|Any CPU = Release|Any CPU
	EndGlobalSection
	GlobalSection(ProjectConfigurationPlatforms) = postSolution
		{FF3E23DF-5D0E-4C59-A808-14A0D01FB400}.Debug|Any CPU.ActiveCfg = Debug|Any CPU
		{FF3E23DF-5D0E-4C59-A808-14A0D01FB400}.Debug|Any CPU.Build.0 = Debug|Any CPU
		{FF3E23DF-5D0E-4C59-A808-14A0D01FB400}.Release|Any CPU.ActiveCfg = Release|Any CPU
		{FF3E23DF-5D0E-4C59-A808-14A0D01FB400}.Release|Any CPU.Build.0 = Release|Any CPU
	EndGlobalSection
	GlobalSection(SolutionProperties) = preSolution
		HideSolutionNode = FALSE
	EndGlobalSection
	GlobalSection(ExtensibilityGlobals) = postSolution
		SolutionGuid = {1EB06FA4-B23D-4202-8411-2B0E05DB510A}
	EndGlobalSection
EndGlobal
